
Microsoft Visual Studio Solution File, Format Version 12.00
# Visual Studio Version 17
VisualStudioVersion = 17.8.34330.188
MinimumVisualStudioVersion = 10.0.40219.1
Project("{FAE04EC0-301F-11D3-BF4B-00C04F79EFBC}") = "Ispit.Model", "Ispit.Model\Ispit.Model.csproj", "{6A7E549D-BDE9-44D9-8C97-87C10BFCFE00}"
EndProject
Project("{FAE04EC0-301F-11D3-BF4B-00C04F79EFBC}") = "Ispit.Konzola", "Ispit.Konzola\Ispit.Konzola.csproj", "{ECFB74A8-E4EC-40F6-87D7-63AE0DF9DE48}"
EndProject
Global
	GlobalSection(SolutionConfigurationPlatforms) = preSolution
		Debug|Any CPU = Debug|Any CPU
		Release|Any CPU = Release|Any CPU
	EndGlobalSection
	GlobalSection(ProjectConfigurationPlatforms) = postSolution
		{6A7E549D-BDE9-44D9-8C97-87C10BFCFE00}.Debug|Any CPU.ActiveCfg = Debug|Any CPU
		{6A7E549D-BDE9-44D9-8C97-87C10BFCFE00}.Debug|Any CPU.Build.0 = Debug|Any CPU
		{6A7E549D-BDE9-44D9-8C97-87C10BFCFE00}.Release|Any CPU.ActiveCfg = Release|Any CPU
		{6A7E549D-BDE9-44D9-8C97-87C10BFCFE00}.Release|Any CPU.Build.0 = Release|Any CPU
		{ECFB74A8-E4EC-40F6-87D7-63AE0DF9DE48}.Debug|Any CPU.ActiveCfg = Debug|Any CPU
		{ECFB74A8-E4EC-40F6-87D7-63AE0DF9DE48}.Debug|Any CPU.Build.0 = Debug|Any CPU
		{ECFB74A8-E4EC-40F6-87D7-63AE0DF9DE48}.Release|Any CPU.ActiveCfg = Release|Any CPU
		{ECFB74A8-E4EC-40F6-87D7-63AE0DF9DE48}.Release|Any CPU.Build.0 = Release|Any CPU
	EndGlobalSection
	GlobalSection(SolutionProperties) = preSolution
		HideSolutionNode = FALSE
	EndGlobalSection
	GlobalSection(ExtensibilityGlobals) = postSolution
		SolutionGuid = {31D33BF4-F3AA-4498-8E71-CDE07CDBBA2A}
	EndGlobalSection
EndGlobal
